// !$*UTF8*$!
{
	archiveVersion = 1;
	classes = {
	};
	objectVersion = 46;
	objects = {

/* Begin PBXBuildFile section */
		3AC5DB521ADD08D7006DF05A /* MeetingRequestTableViewCell.m in Sources */ = {isa = PBXBuildFile; fileRef = 3AC5DB511ADD08D7006DF05A /* MeetingRequestTableViewCell.m */; };
		3AC5DB551ADD0A75006DF05A /* YourMeetingsViewController.m in Sources */ = {isa = PBXBuildFile; fileRef = 3AC5DB541ADD0A75006DF05A /* YourMeetingsViewController.m */; };
		3AC5DB591ADD0D49006DF05A /* YourMeeting.m in Sources */ = {isa = PBXBuildFile; fileRef = 3AC5DB581ADD0D49006DF05A /* YourMeeting.m */; };
		3AC5DB5B1ADD1871006DF05A /* yourMeeting.png in Resources */ = {isa = PBXBuildFile; fileRef = 3AC5DB5A1ADD1871006DF05A /* yourMeeting.png */; };
		3AC5DB5D1ADD188F006DF05A /* your_meetings_icon.png in Resources */ = {isa = PBXBuildFile; fileRef = 3AC5DB5C1ADD188F006DF05A /* your_meetings_icon.png */; };
		3AC5DB631ADD4155006DF05A /* footer.png in Resources */ = {isa = PBXBuildFile; fileRef = 3AC5DB5F1ADD4155006DF05A /* footer.png */; };
		3AC5DB641ADD4155006DF05A /* main_pic.png in Resources */ = {isa = PBXBuildFile; fileRef = 3AC5DB601ADD4155006DF05A /* main_pic.png */; };
		3AC5DB651ADD4155006DF05A /* text_bottom.png in Resources */ = {isa = PBXBuildFile; fileRef = 3AC5DB611ADD4155006DF05A /* text_bottom.png */; };
		3AC5DB661ADD4155006DF05A /* threed_heading.png in Resources */ = {isa = PBXBuildFile; fileRef = 3AC5DB621ADD4155006DF05A /* threed_heading.png */; };
		3AC5DB691ADD4F6D006DF05A /* LandscapeOnlyViewController.m in Sources */ = {isa = PBXBuildFile; fileRef = 3AC5DB681ADD4F6D006DF05A /* LandscapeOnlyViewController.m */; };
		3AC5DB6C1ADD605D006DF05A /* AgendaViewController.m in Sources */ = {isa = PBXBuildFile; fileRef = 3AC5DB6B1ADD605D006DF05A /* AgendaViewController.m */; };
		3AC5DB6F1ADD60FF006DF05A /* Agenda_Heading.png in Resources */ = {isa = PBXBuildFile; fileRef = 3AC5DB6D1ADD60FF006DF05A /* Agenda_Heading.png */; };
		3AC5DB701ADD60FF006DF05A /* Agenda_icon.png in Resources */ = {isa = PBXBuildFile; fileRef = 3AC5DB6E1ADD60FF006DF05A /* Agenda_icon.png */; };
		3AC5DB731ADD671D006DF05A /* HeadingTableViewCell.m in Sources */ = {isa = PBXBuildFile; fileRef = 3AC5DB721ADD671D006DF05A /* HeadingTableViewCell.m */; };
		3AC5DB761ADD672D006DF05A /* BreakViewTableViewCell.m in Sources */ = {isa = PBXBuildFile; fileRef = 3AC5DB751ADD672D006DF05A /* BreakViewTableViewCell.m */; };
		3AC5DB791ADD673A006DF05A /* SessionTableViewCell.m in Sources */ = {isa = PBXBuildFile; fileRef = 3AC5DB781ADD673A006DF05A /* SessionTableViewCell.m */; };
		3AC5DB7C1ADD7B6A006DF05A /* Agenda.m in Sources */ = {isa = PBXBuildFile; fileRef = 3AC5DB7B1ADD7B6A006DF05A /* Agenda.m */; };
		3AC5DB7F1ADD8502006DF05A /* PaddedLabel.m in Sources */ = {isa = PBXBuildFile; fileRef = 3AC5DB7E1ADD8502006DF05A /* PaddedLabel.m */; };
		3AC5DB821ADE0743006DF05A /* Contact_us_heading.png in Resources */ = {isa = PBXBuildFile; fileRef = 3AC5DB801ADE0743006DF05A /* Contact_us_heading.png */; };
		3AC5DB831ADE0743006DF05A /* contact_us_icon.png in Resources */ = {isa = PBXBuildFile; fileRef = 3AC5DB811ADE0743006DF05A /* contact_us_icon.png */; };
		3AC5DB851ADE1648006DF05A /* chat_user_icon_1.png in Resources */ = {isa = PBXBuildFile; fileRef = 3AC5DB841ADE1648006DF05A /* chat_user_icon_1.png */; };
		3AC5DB881ADE18AA006DF05A /* ContactUsViewController.m in Sources */ = {isa = PBXBuildFile; fileRef = 3AC5DB871ADE18AA006DF05A /* ContactUsViewController.m */; };
		3AC5DB8A1ADE28CE006DF05A /* SendButton.png in Resources */ = {isa = PBXBuildFile; fileRef = 3AC5DB891ADE28CE006DF05A /* SendButton.png */; };
		3AC5DB8C1ADE733E006DF05A /* parking_pass.png in Resources */ = {isa = PBXBuildFile; fileRef = 3AC5DB8B1ADE733E006DF05A /* parking_pass.png */; };
		3AC5DB8E1ADE831F006DF05A /* speaker_heading.png in Resources */ = {isa = PBXBuildFile; fileRef = 3AC5DB8D1ADE831F006DF05A /* speaker_heading.png */; };
		3AC5DB911ADE8B9F006DF05A /* SpeakerProfileViewController.m in Sources */ = {isa = PBXBuildFile; fileRef = 3AC5DB901ADE8B9F006DF05A /* SpeakerProfileViewController.m */; };
		3AD644851ADB5B0900591666 /* main.m in Sources */ = {isa = PBXBuildFile; fileRef = 3AD644841ADB5B0900591666 /* main.m */; };
		3AD644881ADB5B0A00591666 /* AppDelegate.m in Sources */ = {isa = PBXBuildFile; fileRef = 3AD644871ADB5B0A00591666 /* AppDelegate.m */; };
		3AD6448B1ADB5B0A00591666 /* ViewController.m in Sources */ = {isa = PBXBuildFile; fileRef = 3AD6448A1ADB5B0A00591666 /* ViewController.m */; };
		3AD6448E1ADB5B0A00591666 /* Main.storyboard in Resources */ = {isa = PBXBuildFile; fileRef = 3AD6448C1ADB5B0A00591666 /* Main.storyboard */; };
		3AD644901ADB5B0A00591666 /* Images.xcassets in Resources */ = {isa = PBXBuildFile; fileRef = 3AD6448F1ADB5B0A00591666 /* Images.xcassets */; };
		3AD644931ADB5B0A00591666 /* LaunchScreen.xib in Resources */ = {isa = PBXBuildFile; fileRef = 3AD644911ADB5B0A00591666 /* LaunchScreen.xib */; };
		3AD6449F1ADB5B0A00591666 /* AnalystWeekTests.m in Sources */ = {isa = PBXBuildFile; fileRef = 3AD6449E1ADB5B0A00591666 /* AnalystWeekTests.m */; };
		3AD644A91ADB5B8F00591666 /* Images in Resources */ = {isa = PBXBuildFile; fileRef = 3AD644A81ADB5B8F00591666 /* Images */; };
		3AD644AB1ADB66E500591666 /* BG-01.png in Resources */ = {isa = PBXBuildFile; fileRef = 3AD644AA1ADB66E500591666 /* BG-01.png */; };
		3AD644AD1ADB66EC00591666 /* image.png in Resources */ = {isa = PBXBuildFile; fileRef = 3AD644AC1ADB66EC00591666 /* image.png */; };
		3AD644AF1ADB68EF00591666 /* HeadingDesign.png in Resources */ = {isa = PBXBuildFile; fileRef = 3AD644AE1ADB68EF00591666 /* HeadingDesign.png */; };
		3AD644B11ADB693D00591666 /* LHS_1_About The Event.png in Resources */ = {isa = PBXBuildFile; fileRef = 3AD644B01ADB693D00591666 /* LHS_1_About The Event.png */; };
		3AD644B71ADB6F1600591666 /* HomeViewController.m in Sources */ = {isa = PBXBuildFile; fileRef = 3AD644B61ADB6F1600591666 /* HomeViewController.m */; };
		3AE0C4E71ADBA82E00E14FAD /* Heading.png in Resources */ = {isa = PBXBuildFile; fileRef = 3AE0C4E61ADBA82E00E14FAD /* Heading.png */; };
		3AE0C4E91ADBB39700E14FAD /* request_icon.png in Resources */ = {isa = PBXBuildFile; fileRef = 3AE0C4E81ADBB39700E14FAD /* request_icon.png */; };
		3AE0C4EB1ADBBC1000E14FAD /* submitButton.png in Resources */ = {isa = PBXBuildFile; fileRef = 3AE0C4EA1ADBBC1000E14FAD /* submitButton.png */; };
		3AE0C4EE1ADBBE6700E14FAD /* RequestMeetingViewController.m in Sources */ = {isa = PBXBuildFile; fileRef = 3AE0C4ED1ADBBE6700E14FAD /* RequestMeetingViewController.m */; };
		3AE0C4F71ADC00FE00E14FAD /* LHS_1.png in Resources */ = {isa = PBXBuildFile; fileRef = 3AE0C4EF1ADC00FE00E14FAD /* LHS_1.png */; };
		3AE0C4F81ADC00FE00E14FAD /* LHS_2.png in Resources */ = {isa = PBXBuildFile; fileRef = 3AE0C4F01ADC00FE00E14FAD /* LHS_2.png */; };
		3AE0C4F91ADC00FE00E14FAD /* LHS_3.png in Resources */ = {isa = PBXBuildFile; fileRef = 3AE0C4F11ADC00FE00E14FAD /* LHS_3.png */; };
		3AE0C4FA1ADC00FE00E14FAD /* LHS_4.png in Resources */ = {isa = PBXBuildFile; fileRef = 3AE0C4F21ADC00FE00E14FAD /* LHS_4.png */; };
		3AE0C4FB1ADC00FE00E14FAD /* RHS_1.png in Resources */ = {isa = PBXBuildFile; fileRef = 3AE0C4F31ADC00FE00E14FAD /* RHS_1.png */; };
		3AE0C4FC1ADC00FE00E14FAD /* RHS_2.png in Resources */ = {isa = PBXBuildFile; fileRef = 3AE0C4F41ADC00FE00E14FAD /* RHS_2.png */; };
		3AE0C4FD1ADC00FE00E14FAD /* RHS_3.png in Resources */ = {isa = PBXBuildFile; fileRef = 3AE0C4F51ADC00FE00E14FAD /* RHS_3.png */; };
		3AE0C4FE1ADC00FE00E14FAD /* RHS_4.png in Resources */ = {isa = PBXBuildFile; fileRef = 3AE0C4F61ADC00FE00E14FAD /* RHS_4.png */; };
		3AE0C5001ADC063800E14FAD /* feedback_icon.png in Resources */ = {isa = PBXBuildFile; fileRef = 3AE0C4FF1ADC063800E14FAD /* feedback_icon.png */; };
		3AE0C5031ADC086300E14FAD /* FeedbackViewController.m in Sources */ = {isa = PBXBuildFile; fileRef = 3AE0C5021ADC086300E14FAD /* FeedbackViewController.m */; };
		3AE0C5061ADC089500E14FAD /* LoginViewController.m in Sources */ = {isa = PBXBuildFile; fileRef = 3AE0C5051ADC089500E14FAD /* LoginViewController.m */; };
		3AE0C50E1ADC0B2600E14FAD /* Button_1.png in Resources */ = {isa = PBXBuildFile; fileRef = 3AE0C5081ADC0B2600E14FAD /* Button_1.png */; };
		3AE0C50F1ADC0B2600E14FAD /* Button_2.png in Resources */ = {isa = PBXBuildFile; fileRef = 3AE0C5091ADC0B2600E14FAD /* Button_2.png */; };
		3AE0C5101ADC0B2600E14FAD /* Button_3.png in Resources */ = {isa = PBXBuildFile; fileRef = 3AE0C50A1ADC0B2600E14FAD /* Button_3.png */; };
		3AE0C5111ADC0B2600E14FAD /* Button_4.png in Resources */ = {isa = PBXBuildFile; fileRef = 3AE0C50B1ADC0B2600E14FAD /* Button_4.png */; };
		3AE0C5121ADC0B2600E14FAD /* Button_5.png in Resources */ = {isa = PBXBuildFile; fileRef = 3AE0C50C1ADC0B2600E14FAD /* Button_5.png */; };
		3AE0C5131ADC0B2600E14FAD /* Button_6.png in Resources */ = {isa = PBXBuildFile; fileRef = 3AE0C50D1ADC0B2600E14FAD /* Button_6.png */; };
		3AE0C5151ADC0E0C00E14FAD /* Welcome_note_Jpg.jpg in Resources */ = {isa = PBXBuildFile; fileRef = 3AE0C5141ADC0E0C00E14FAD /* Welcome_note_Jpg.jpg */; };
		3AE0C5171ADC111A00E14FAD /* parking_pass.jpg in Resources */ = {isa = PBXBuildFile; fileRef = 3AE0C5161ADC111A00E14FAD /* parking_pass.jpg */; };
		3AE0C5191ADC127000E14FAD /* threed_selfie.jpg in Resources */ = {isa = PBXBuildFile; fileRef = 3AE0C5181ADC127000E14FAD /* threed_selfie.jpg */; };
		3AE0C51B1ADC21D500E14FAD /* back_button.png in Resources */ = {isa = PBXBuildFile; fileRef = 3AE0C51A1ADC21D500E14FAD /* back_button.png */; };
		3AE0C51E1ADC22A800E14FAD /* WelcomeViewController.m in Sources */ = {isa = PBXBuildFile; fileRef = 3AE0C51D1ADC22A800E14FAD /* WelcomeViewController.m */; };
/* End PBXBuildFile section */

/* Begin PBXContainerItemProxy section */
		3AD644991ADB5B0A00591666 /* PBXContainerItemProxy */ = {
			isa = PBXContainerItemProxy;
			containerPortal = 3AD644771ADB5B0900591666 /* Project object */;
			proxyType = 1;
			remoteGlobalIDString = 3AD6447E1ADB5B0900591666;
			remoteInfo = AnalystWeek;
		};
/* End PBXContainerItemProxy section */

/* Begin PBXFileReference section */
		3AC5DB501ADD08D7006DF05A /* MeetingRequestTableViewCell.h */ = {isa = PBXFileReference; fileEncoding = 4; lastKnownFileType = sourcecode.c.h; path = MeetingRequestTableViewCell.h; sourceTree = "<group>"; };
		3AC5DB511ADD08D7006DF05A /* MeetingRequestTableViewCell.m */ = {isa = PBXFileReference; fileEncoding = 4; lastKnownFileType = sourcecode.c.objc; path = MeetingRequestTableViewCell.m; sourceTree = "<group>"; };
		3AC5DB531ADD0A75006DF05A /* YourMeetingsViewController.h */ = {isa = PBXFileReference; fileEncoding = 4; lastKnownFileType = sourcecode.c.h; path = YourMeetingsViewController.h; sourceTree = "<group>"; };
		3AC5DB541ADD0A75006DF05A /* YourMeetingsViewController.m */ = {isa = PBXFileReference; fileEncoding = 4; lastKnownFileType = sourcecode.c.objc; path = YourMeetingsViewController.m; sourceTree = "<group>"; };
		3AC5DB571ADD0D49006DF05A /* YourMeeting.h */ = {isa = PBXFileReference; fileEncoding = 4; lastKnownFileType = sourcecode.c.h; path = YourMeeting.h; sourceTree = "<group>"; };
		3AC5DB581ADD0D49006DF05A /* YourMeeting.m */ = {isa = PBXFileReference; fileEncoding = 4; lastKnownFileType = sourcecode.c.objc; path = YourMeeting.m; sourceTree = "<group>"; };
		3AC5DB5A1ADD1871006DF05A /* yourMeeting.png */ = {isa = PBXFileReference; lastKnownFileType = image.png; path = yourMeeting.png; sourceTree = "<group>"; };
		3AC5DB5C1ADD188F006DF05A /* your_meetings_icon.png */ = {isa = PBXFileReference; lastKnownFileType = image.png; path = your_meetings_icon.png; sourceTree = "<group>"; };
		3AC5DB5F1ADD4155006DF05A /* footer.png */ = {isa = PBXFileReference; lastKnownFileType = image.png; path = footer.png; sourceTree = "<group>"; };
		3AC5DB601ADD4155006DF05A /* main_pic.png */ = {isa = PBXFileReference; lastKnownFileType = image.png; path = main_pic.png; sourceTree = "<group>"; };
		3AC5DB611ADD4155006DF05A /* text_bottom.png */ = {isa = PBXFileReference; lastKnownFileType = image.png; path = text_bottom.png; sourceTree = "<group>"; };
		3AC5DB621ADD4155006DF05A /* threed_heading.png */ = {isa = PBXFileReference; lastKnownFileType = image.png; path = threed_heading.png; sourceTree = "<group>"; };
		3AC5DB671ADD4F6D006DF05A /* LandscapeOnlyViewController.h */ = {isa = PBXFileReference; fileEncoding = 4; lastKnownFileType = sourcecode.c.h; path = LandscapeOnlyViewController.h; sourceTree = "<group>"; };
		3AC5DB681ADD4F6D006DF05A /* LandscapeOnlyViewController.m */ = {isa = PBXFileReference; fileEncoding = 4; lastKnownFileType = sourcecode.c.objc; path = LandscapeOnlyViewController.m; sourceTree = "<group>"; };
		3AC5DB6A1ADD605D006DF05A /* AgendaViewController.h */ = {isa = PBXFileReference; fileEncoding = 4; lastKnownFileType = sourcecode.c.h; path = AgendaViewController.h; sourceTree = "<group>"; };
		3AC5DB6B1ADD605D006DF05A /* AgendaViewController.m */ = {isa = PBXFileReference; fileEncoding = 4; lastKnownFileType = sourcecode.c.objc; path = AgendaViewController.m; sourceTree = "<group>"; };
		3AC5DB6D1ADD60FF006DF05A /* Agenda_Heading.png */ = {isa = PBXFileReference; lastKnownFileType = image.png; path = Agenda_Heading.png; sourceTree = "<group>"; };
		3AC5DB6E1ADD60FF006DF05A /* Agenda_icon.png */ = {isa = PBXFileReference; lastKnownFileType = image.png; path = Agenda_icon.png; sourceTree = "<group>"; };
		3AC5DB711ADD671D006DF05A /* HeadingTableViewCell.h */ = {isa = PBXFileReference; fileEncoding = 4; lastKnownFileType = sourcecode.c.h; path = HeadingTableViewCell.h; sourceTree = "<group>"; };
		3AC5DB721ADD671D006DF05A /* HeadingTableViewCell.m */ = {isa = PBXFileReference; fileEncoding = 4; lastKnownFileType = sourcecode.c.objc; path = HeadingTableViewCell.m; sourceTree = "<group>"; };
		3AC5DB741ADD672D006DF05A /* BreakViewTableViewCell.h */ = {isa = PBXFileReference; fileEncoding = 4; lastKnownFileType = sourcecode.c.h; path = BreakViewTableViewCell.h; sourceTree = "<group>"; };
		3AC5DB751ADD672D006DF05A /* BreakViewTableViewCell.m */ = {isa = PBXFileReference; fileEncoding = 4; lastKnownFileType = sourcecode.c.objc; path = BreakViewTableViewCell.m; sourceTree = "<group>"; };
		3AC5DB771ADD673A006DF05A /* SessionTableViewCell.h */ = {isa = PBXFileReference; fileEncoding = 4; lastKnownFileType = sourcecode.c.h; path = SessionTableViewCell.h; sourceTree = "<group>"; };
		3AC5DB781ADD673A006DF05A /* SessionTableViewCell.m */ = {isa = PBXFileReference; fileEncoding = 4; lastKnownFileType = sourcecode.c.objc; path = SessionTableViewCell.m; sourceTree = "<group>"; };
		3AC5DB7A1ADD7B6A006DF05A /* Agenda.h */ = {isa = PBXFileReference; fileEncoding = 4; lastKnownFileType = sourcecode.c.h; path = Agenda.h; sourceTree = "<group>"; };
		3AC5DB7B1ADD7B6A006DF05A /* Agenda.m */ = {isa = PBXFileReference; fileEncoding = 4; lastKnownFileType = sourcecode.c.objc; path = Agenda.m; sourceTree = "<group>"; };
		3AC5DB7D1ADD8502006DF05A /* PaddedLabel.h */ = {isa = PBXFileReference; fileEncoding = 4; lastKnownFileType = sourcecode.c.h; path = PaddedLabel.h; sourceTree = "<group>"; };
		3AC5DB7E1ADD8502006DF05A /* PaddedLabel.m */ = {isa = PBXFileReference; fileEncoding = 4; lastKnownFileType = sourcecode.c.objc; path = PaddedLabel.m; sourceTree = "<group>"; };
		3AC5DB801ADE0743006DF05A /* Contact_us_heading.png */ = {isa = PBXFileReference; lastKnownFileType = image.png; path = Contact_us_heading.png; sourceTree = "<group>"; };
		3AC5DB811ADE0743006DF05A /* contact_us_icon.png */ = {isa = PBXFileReference; lastKnownFileType = image.png; path = contact_us_icon.png; sourceTree = "<group>"; };
		3AC5DB841ADE1648006DF05A /* chat_user_icon_1.png */ = {isa = PBXFileReference; lastKnownFileType = image.png; path = chat_user_icon_1.png; sourceTree = "<group>"; };
		3AC5DB861ADE18AA006DF05A /* ContactUsViewController.h */ = {isa = PBXFileReference; fileEncoding = 4; lastKnownFileType = sourcecode.c.h; path = ContactUsViewController.h; sourceTree = "<group>"; };
		3AC5DB871ADE18AA006DF05A /* ContactUsViewController.m */ = {isa = PBXFileReference; fileEncoding = 4; lastKnownFileType = sourcecode.c.objc; path = ContactUsViewController.m; sourceTree = "<group>"; };
		3AC5DB891ADE28CE006DF05A /* SendButton.png */ = {isa = PBXFileReference; lastKnownFileType = image.png; path = SendButton.png; sourceTree = "<group>"; };
		3AC5DB8B1ADE733E006DF05A /* parking_pass.png */ = {isa = PBXFileReference; lastKnownFileType = image.png; path = parking_pass.png; sourceTree = "<group>"; };
		3AC5DB8D1ADE831F006DF05A /* speaker_heading.png */ = {isa = PBXFileReference; lastKnownFileType = image.png; path = speaker_heading.png; sourceTree = "<group>"; };
		3AC5DB8F1ADE8B9F006DF05A /* SpeakerProfileViewController.h */ = {isa = PBXFileReference; fileEncoding = 4; lastKnownFileType = sourcecode.c.h; path = SpeakerProfileViewController.h; sourceTree = "<group>"; };
		3AC5DB901ADE8B9F006DF05A /* SpeakerProfileViewController.m */ = {isa = PBXFileReference; fileEncoding = 4; lastKnownFileType = sourcecode.c.objc; path = SpeakerProfileViewController.m; sourceTree = "<group>"; };
		3AD6447F1ADB5B0900591666 /* AnalystWeek.app */ = {isa = PBXFileReference; explicitFileType = wrapper.application; includeInIndex = 0; path = AnalystWeek.app; sourceTree = BUILT_PRODUCTS_DIR; };
		3AD644831ADB5B0900591666 /* Info.plist */ = {isa = PBXFileReference; lastKnownFileType = text.plist.xml; path = Info.plist; sourceTree = "<group>"; };
		3AD644841ADB5B0900591666 /* main.m */ = {isa = PBXFileReference; lastKnownFileType = sourcecode.c.objc; path = main.m; sourceTree = "<group>"; };
		3AD644861ADB5B0A00591666 /* AppDelegate.h */ = {isa = PBXFileReference; lastKnownFileType = sourcecode.c.h; path = AppDelegate.h; sourceTree = "<group>"; };
		3AD644871ADB5B0A00591666 /* AppDelegate.m */ = {isa = PBXFileReference; lastKnownFileType = sourcecode.c.objc; path = AppDelegate.m; sourceTree = "<group>"; };
		3AD644891ADB5B0A00591666 /* ViewController.h */ = {isa = PBXFileReference; lastKnownFileType = sourcecode.c.h; path = ViewController.h; sourceTree = "<group>"; };
		3AD6448A1ADB5B0A00591666 /* ViewController.m */ = {isa = PBXFileReference; lastKnownFileType = sourcecode.c.objc; path = ViewController.m; sourceTree = "<group>"; };
		3AD6448D1ADB5B0A00591666 /* Base */ = {isa = PBXFileReference; lastKnownFileType = file.storyboard; name = Base; path = Base.lproj/Main.storyboard; sourceTree = "<group>"; };
		3AD6448F1ADB5B0A00591666 /* Images.xcassets */ = {isa = PBXFileReference; lastKnownFileType = folder.assetcatalog; path = Images.xcassets; sourceTree = "<group>"; };
		3AD644921ADB5B0A00591666 /* Base */ = {isa = PBXFileReference; lastKnownFileType = file.xib; name = Base; path = Base.lproj/LaunchScreen.xib; sourceTree = "<group>"; };
		3AD644981ADB5B0A00591666 /* AnalystWeekTests.xctest */ = {isa = PBXFileReference; explicitFileType = wrapper.cfbundle; includeInIndex = 0; path = AnalystWeekTests.xctest; sourceTree = BUILT_PRODUCTS_DIR; };
		3AD6449D1ADB5B0A00591666 /* Info.plist */ = {isa = PBXFileReference; lastKnownFileType = text.plist.xml; path = Info.plist; sourceTree = "<group>"; };
		3AD6449E1ADB5B0A00591666 /* AnalystWeekTests.m */ = {isa = PBXFileReference; lastKnownFileType = sourcecode.c.objc; path = AnalystWeekTests.m; sourceTree = "<group>"; };
		3AD644A81ADB5B8F00591666 /* Images */ = {isa = PBXFileReference; lastKnownFileType = folder; path = Images; sourceTree = "<group>"; };
		3AD644AA1ADB66E500591666 /* BG-01.png */ = {isa = PBXFileReference; lastKnownFileType = image.png; name = "BG-01.png"; path = "Images/BG-01.png"; sourceTree = "<group>"; };
		3AD644AC1ADB66EC00591666 /* image.png */ = {isa = PBXFileReference; lastKnownFileType = image.png; name = image.png; path = Images/image.png; sourceTree = "<group>"; };
		3AD644AE1ADB68EF00591666 /* HeadingDesign.png */ = {isa = PBXFileReference; lastKnownFileType = image.png; name = HeadingDesign.png; path = Images/HeadingDesign.png; sourceTree = "<group>"; };
		3AD644B01ADB693D00591666 /* LHS_1_About The Event.png */ = {isa = PBXFileReference; lastKnownFileType = image.png; path = "LHS_1_About The Event.png"; sourceTree = "<group>"; };
		3AD644B51ADB6F1600591666 /* HomeViewController.h */ = {isa = PBXFileReference; fileEncoding = 4; lastKnownFileType = sourcecode.c.h; path = HomeViewController.h; sourceTree = "<group>"; };
		3AD644B61ADB6F1600591666 /* HomeViewController.m */ = {isa = PBXFileReference; fileEncoding = 4; lastKnownFileType = sourcecode.c.objc; path = HomeViewController.m; sourceTree = "<group>"; };
		3AE0C4E61ADBA82E00E14FAD /* Heading.png */ = {isa = PBXFileReference; lastKnownFileType = image.png; path = Heading.png; sourceTree = "<group>"; };
		3AE0C4E81ADBB39700E14FAD /* request_icon.png */ = {isa = PBXFileReference; lastKnownFileType = image.png; path = request_icon.png; sourceTree = "<group>"; };
		3AE0C4EA1ADBBC1000E14FAD /* submitButton.png */ = {isa = PBXFileReference; lastKnownFileType = image.png; path = submitButton.png; sourceTree = "<group>"; };
		3AE0C4EC1ADBBE6700E14FAD /* RequestMeetingViewController.h */ = {isa = PBXFileReference; fileEncoding = 4; lastKnownFileType = sourcecode.c.h; path = RequestMeetingViewController.h; sourceTree = "<group>"; };
		3AE0C4ED1ADBBE6700E14FAD /* RequestMeetingViewController.m */ = {isa = PBXFileReference; fileEncoding = 4; lastKnownFileType = sourcecode.c.objc; path = RequestMeetingViewController.m; sourceTree = "<group>"; };
		3AE0C4EF1ADC00FE00E14FAD /* LHS_1.png */ = {isa = PBXFileReference; lastKnownFileType = image.png; path = LHS_1.png; sourceTree = "<group>"; };
		3AE0C4F01ADC00FE00E14FAD /* LHS_2.png */ = {isa = PBXFileReference; lastKnownFileType = image.png; path = LHS_2.png; sourceTree = "<group>"; };
		3AE0C4F11ADC00FE00E14FAD /* LHS_3.png */ = {isa = PBXFileReference; lastKnownFileType = image.png; path = LHS_3.png; sourceTree = "<group>"; };
		3AE0C4F21ADC00FE00E14FAD /* LHS_4.png */ = {isa = PBXFileReference; lastKnownFileType = image.png; path = LHS_4.png; sourceTree = "<group>"; };
		3AE0C4F31ADC00FE00E14FAD /* RHS_1.png */ = {isa = PBXFileReference; lastKnownFileType = image.png; path = RHS_1.png; sourceTree = "<group>"; };
		3AE0C4F41ADC00FE00E14FAD /* RHS_2.png */ = {isa = PBXFileReference; lastKnownFileType = image.png; path = RHS_2.png; sourceTree = "<group>"; };
		3AE0C4F51ADC00FE00E14FAD /* RHS_3.png */ = {isa = PBXFileReference; lastKnownFileType = image.png; path = RHS_3.png; sourceTree = "<group>"; };
		3AE0C4F61ADC00FE00E14FAD /* RHS_4.png */ = {isa = PBXFileReference; lastKnownFileType = image.png; path = RHS_4.png; sourceTree = "<group>"; };
		3AE0C4FF1ADC063800E14FAD /* feedback_icon.png */ = {isa = PBXFileReference; lastKnownFileType = image.png; path = feedback_icon.png; sourceTree = "<group>"; };
		3AE0C5011ADC086300E14FAD /* FeedbackViewController.h */ = {isa = PBXFileReference; fileEncoding = 4; lastKnownFileType = sourcecode.c.h; path = FeedbackViewController.h; sourceTree = "<group>"; };
		3AE0C5021ADC086300E14FAD /* FeedbackViewController.m */ = {isa = PBXFileReference; fileEncoding = 4; lastKnownFileType = sourcecode.c.objc; path = FeedbackViewController.m; sourceTree = "<group>"; };
		3AE0C5041ADC089500E14FAD /* LoginViewController.h */ = {isa = PBXFileReference; fileEncoding = 4; lastKnownFileType = sourcecode.c.h; path = LoginViewController.h; sourceTree = "<group>"; };
		3AE0C5051ADC089500E14FAD /* LoginViewController.m */ = {isa = PBXFileReference; fileEncoding = 4; lastKnownFileType = sourcecode.c.objc; path = LoginViewController.m; sourceTree = "<group>"; };
		3AE0C5081ADC0B2600E14FAD /* Button_1.png */ = {isa = PBXFileReference; lastKnownFileType = image.png; path = Button_1.png; sourceTree = "<group>"; };
		3AE0C5091ADC0B2600E14FAD /* Button_2.png */ = {isa = PBXFileReference; lastKnownFileType = image.png; path = Button_2.png; sourceTree = "<group>"; };
		3AE0C50A1ADC0B2600E14FAD /* Button_3.png */ = {isa = PBXFileReference; lastKnownFileType = image.png; path = Button_3.png; sourceTree = "<group>"; };
		3AE0C50B1ADC0B2600E14FAD /* Button_4.png */ = {isa = PBXFileReference; lastKnownFileType = image.png; path = Button_4.png; sourceTree = "<group>"; };
		3AE0C50C1ADC0B2600E14FAD /* Button_5.png */ = {isa = PBXFileReference; lastKnownFileType = image.png; path = Button_5.png; sourceTree = "<group>"; };
		3AE0C50D1ADC0B2600E14FAD /* Button_6.png */ = {isa = PBXFileReference; lastKnownFileType = image.png; path = Button_6.png; sourceTree = "<group>"; };
		3AE0C5141ADC0E0C00E14FAD /* Welcome_note_Jpg.jpg */ = {isa = PBXFileReference; lastKnownFileType = image.jpeg; path = Welcome_note_Jpg.jpg; sourceTree = "<group>"; };
		3AE0C5161ADC111A00E14FAD /* parking_pass.jpg */ = {isa = PBXFileReference; lastKnownFileType = image.jpeg; path = parking_pass.jpg; sourceTree = "<group>"; };
		3AE0C5181ADC127000E14FAD /* threed_selfie.jpg */ = {isa = PBXFileReference; lastKnownFileType = image.jpeg; path = threed_selfie.jpg; sourceTree = "<group>"; };
		3AE0C51A1ADC21D500E14FAD /* back_button.png */ = {isa = PBXFileReference; lastKnownFileType = image.png; path = back_button.png; sourceTree = "<group>"; };
		3AE0C51C1ADC22A800E14FAD /* WelcomeViewController.h */ = {isa = PBXFileReference; fileEncoding = 4; lastKnownFileType = sourcecode.c.h; path = WelcomeViewController.h; sourceTree = "<group>"; };
		3AE0C51D1ADC22A800E14FAD /* WelcomeViewController.m */ = {isa = PBXFileReference; fileEncoding = 4; lastKnownFileType = sourcecode.c.objc; path = WelcomeViewController.m; sourceTree = "<group>"; };
/* End PBXFileReference section */

/* Begin PBXFrameworksBuildPhase section */
		3AD6447C1ADB5B0900591666 /* Frameworks */ = {
			isa = PBXFrameworksBuildPhase;
			buildActionMask = 2147483647;
			files = (
			);
			runOnlyForDeploymentPostprocessing = 0;
		};
		3AD644951ADB5B0A00591666 /* Frameworks */ = {
			isa = PBXFrameworksBuildPhase;
			buildActionMask = 2147483647;
			files = (
			);
			runOnlyForDeploymentPostprocessing = 0;
		};
/* End PBXFrameworksBuildPhase section */

/* Begin PBXGroup section */
		3AC5DB561ADD0D32006DF05A /* Models */ = {
			isa = PBXGroup;
			children = (
				3AC5DB571ADD0D49006DF05A /* YourMeeting.h */,
				3AC5DB581ADD0D49006DF05A /* YourMeeting.m */,
				3AC5DB7A1ADD7B6A006DF05A /* Agenda.h */,
				3AC5DB7B1ADD7B6A006DF05A /* Agenda.m */,
			);
			name = Models;
			sourceTree = "<group>";
		};
		3AC5DB5E1ADD412A006DF05A /* threed_selfi */ = {
			isa = PBXGroup;
			children = (
				3AC5DB5F1ADD4155006DF05A /* footer.png */,
				3AC5DB601ADD4155006DF05A /* main_pic.png */,
				3AC5DB611ADD4155006DF05A /* text_bottom.png */,
				3AC5DB621ADD4155006DF05A /* threed_heading.png */,
			);
			name = threed_selfi;
			sourceTree = "<group>";
		};
		3AD644761ADB5B0900591666 = {
			isa = PBXGroup;
			children = (
				3AD644811ADB5B0900591666 /* AnalystWeek */,
				3AD6449B1ADB5B0A00591666 /* AnalystWeekTests */,
				3AD644801ADB5B0900591666 /* Products */,
			);
			sourceTree = "<group>";
		};
		3AD644801ADB5B0900591666 /* Products */ = {
			isa = PBXGroup;
			children = (
				3AD6447F1ADB5B0900591666 /* AnalystWeek.app */,
				3AD644981ADB5B0A00591666 /* AnalystWeekTests.xctest */,
			);
			name = Products;
			sourceTree = "<group>";
		};
		3AD644811ADB5B0900591666 /* AnalystWeek */ = {
			isa = PBXGroup;
			children = (
				3AC5DB561ADD0D32006DF05A /* Models */,
				3AE0C4E21ADBA56200E14FAD /* images */,
				3AD644B41ADB6EF100591666 /* ViewControllers */,
				3AD644A81ADB5B8F00591666 /* Images */,
				3AD644861ADB5B0A00591666 /* AppDelegate.h */,
				3AD644871ADB5B0A00591666 /* AppDelegate.m */,
				3AD644891ADB5B0A00591666 /* ViewController.h */,
				3AD6448A1ADB5B0A00591666 /* ViewController.m */,
				3AD6448C1ADB5B0A00591666 /* Main.storyboard */,
				3AD6448F1ADB5B0A00591666 /* Images.xcassets */,
				3AD644911ADB5B0A00591666 /* LaunchScreen.xib */,
				3AD644821ADB5B0900591666 /* Supporting Files */,
				3AC5DB501ADD08D7006DF05A /* MeetingRequestTableViewCell.h */,
				3AC5DB511ADD08D7006DF05A /* MeetingRequestTableViewCell.m */,
				3AC5DB671ADD4F6D006DF05A /* LandscapeOnlyViewController.h */,
				3AC5DB681ADD4F6D006DF05A /* LandscapeOnlyViewController.m */,
				3AC5DB711ADD671D006DF05A /* HeadingTableViewCell.h */,
				3AC5DB721ADD671D006DF05A /* HeadingTableViewCell.m */,
				3AC5DB741ADD672D006DF05A /* BreakViewTableViewCell.h */,
				3AC5DB751ADD672D006DF05A /* BreakViewTableViewCell.m */,
				3AC5DB771ADD673A006DF05A /* SessionTableViewCell.h */,
				3AC5DB781ADD673A006DF05A /* SessionTableViewCell.m */,
				3AC5DB7D1ADD8502006DF05A /* PaddedLabel.h */,
				3AC5DB7E1ADD8502006DF05A /* PaddedLabel.m */,
			);
			path = AnalystWeek;
			sourceTree = "<group>";
		};
		3AD644821ADB5B0900591666 /* Supporting Files */ = {
			isa = PBXGroup;
			children = (
				3AD644831ADB5B0900591666 /* Info.plist */,
				3AD644841ADB5B0900591666 /* main.m */,
			);
			name = "Supporting Files";
			sourceTree = "<group>";
		};
		3AD6449B1ADB5B0A00591666 /* AnalystWeekTests */ = {
			isa = PBXGroup;
			children = (
				3AD6449E1ADB5B0A00591666 /* AnalystWeekTests.m */,
				3AD6449C1ADB5B0A00591666 /* Supporting Files */,
			);
			path = AnalystWeekTests;
			sourceTree = "<group>";
		};
		3AD6449C1ADB5B0A00591666 /* Supporting Files */ = {
			isa = PBXGroup;
			children = (
				3AD6449D1ADB5B0A00591666 /* Info.plist */,
			);
			name = "Supporting Files";
			sourceTree = "<group>";
		};
		3AD644B41ADB6EF100591666 /* ViewControllers */ = {
			isa = PBXGroup;
			children = (
				3AD644B51ADB6F1600591666 /* HomeViewController.h */,
				3AD644B61ADB6F1600591666 /* HomeViewController.m */,
				3AE0C4EC1ADBBE6700E14FAD /* RequestMeetingViewController.h */,
				3AE0C4ED1ADBBE6700E14FAD /* RequestMeetingViewController.m */,
				3AE0C5011ADC086300E14FAD /* FeedbackViewController.h */,
				3AE0C5021ADC086300E14FAD /* FeedbackViewController.m */,
				3AE0C5041ADC089500E14FAD /* LoginViewController.h */,
				3AE0C5051ADC089500E14FAD /* LoginViewController.m */,
				3AE0C51C1ADC22A800E14FAD /* WelcomeViewController.h */,
				3AE0C51D1ADC22A800E14FAD /* WelcomeViewController.m */,
				3AC5DB531ADD0A75006DF05A /* YourMeetingsViewController.h */,
				3AC5DB541ADD0A75006DF05A /* YourMeetingsViewController.m */,
				3AC5DB6A1ADD605D006DF05A /* AgendaViewController.h */,
				3AC5DB6B1ADD605D006DF05A /* AgendaViewController.m */,
				3AC5DB861ADE18AA006DF05A /* ContactUsViewController.h */,
				3AC5DB871ADE18AA006DF05A /* ContactUsViewController.m */,
				3AC5DB8F1ADE8B9F006DF05A /* SpeakerProfileViewController.h */,
				3AC5DB901ADE8B9F006DF05A /* SpeakerProfileViewController.m */,
			);
			name = ViewControllers;
			sourceTree = "<group>";
		};
		3AE0C4E21ADBA56200E14FAD /* images */ = {
			isa = PBXGroup;
			children = (
				3AC5DB8D1ADE831F006DF05A /* speaker_heading.png */,
				3AC5DB8B1ADE733E006DF05A /* parking_pass.png */,
				3AC5DB891ADE28CE006DF05A /* SendButton.png */,
				3AC5DB841ADE1648006DF05A /* chat_user_icon_1.png */,
				3AC5DB801ADE0743006DF05A /* Contact_us_heading.png */,
				3AC5DB811ADE0743006DF05A /* contact_us_icon.png */,
				3AC5DB6D1ADD60FF006DF05A /* Agenda_Heading.png */,
				3AC5DB6E1ADD60FF006DF05A /* Agenda_icon.png */,
				3AC5DB5E1ADD412A006DF05A /* threed_selfi */,
				3AE0C5071ADC0B1A00E14FAD /* About */,
				3AE0C4FF1ADC063800E14FAD /* feedback_icon.png */,
				3AE0C4EF1ADC00FE00E14FAD /* LHS_1.png */,
				3AE0C4F01ADC00FE00E14FAD /* LHS_2.png */,
				3AE0C4F11ADC00FE00E14FAD /* LHS_3.png */,
				3AE0C4F21ADC00FE00E14FAD /* LHS_4.png */,
				3AE0C4F31ADC00FE00E14FAD /* RHS_1.png */,
				3AE0C4F41ADC00FE00E14FAD /* RHS_2.png */,
				3AE0C4F51ADC00FE00E14FAD /* RHS_3.png */,
				3AE0C4F61ADC00FE00E14FAD /* RHS_4.png */,
				3AE0C4E31ADBA5B500E14FAD /* RequestForMeeting */,
				3AD644B01ADB693D00591666 /* LHS_1_About The Event.png */,
				3AD644AE1ADB68EF00591666 /* HeadingDesign.png */,
				3AD644AC1ADB66EC00591666 /* image.png */,
				3AD644AA1ADB66E500591666 /* BG-01.png */,
			);
			name = images;
			sourceTree = "<group>";
		};
		3AE0C4E31ADBA5B500E14FAD /* RequestForMeeting */ = {
			isa = PBXGroup;
			children = (
				3AE0C4EA1ADBBC1000E14FAD /* submitButton.png */,
				3AE0C4E81ADBB39700E14FAD /* request_icon.png */,
				3AE0C4E61ADBA82E00E14FAD /* Heading.png */,
			);
			name = RequestForMeeting;
			sourceTree = "<group>";
		};
		3AE0C5071ADC0B1A00E14FAD /* About */ = {
			isa = PBXGroup;
			children = (
				3AC5DB5C1ADD188F006DF05A /* your_meetings_icon.png */,
				3AC5DB5A1ADD1871006DF05A /* yourMeeting.png */,
				3AE0C51A1ADC21D500E14FAD /* back_button.png */,
				3AE0C5181ADC127000E14FAD /* threed_selfie.jpg */,
				3AE0C5161ADC111A00E14FAD /* parking_pass.jpg */,
				3AE0C5141ADC0E0C00E14FAD /* Welcome_note_Jpg.jpg */,
				3AE0C5081ADC0B2600E14FAD /* Button_1.png */,
				3AE0C5091ADC0B2600E14FAD /* Button_2.png */,
				3AE0C50A1ADC0B2600E14FAD /* Button_3.png */,
				3AE0C50B1ADC0B2600E14FAD /* Button_4.png */,
				3AE0C50C1ADC0B2600E14FAD /* Button_5.png */,
				3AE0C50D1ADC0B2600E14FAD /* Button_6.png */,
			);
			name = About;
			sourceTree = "<group>";
		};
/* End PBXGroup section */

/* Begin PBXNativeTarget section */
		3AD6447E1ADB5B0900591666 /* AnalystWeek */ = {
			isa = PBXNativeTarget;
			buildConfigurationList = 3AD644A21ADB5B0A00591666 /* Build configuration list for PBXNativeTarget "AnalystWeek" */;
			buildPhases = (
				3AD6447B1ADB5B0900591666 /* Sources */,
				3AD6447C1ADB5B0900591666 /* Frameworks */,
				3AD6447D1ADB5B0900591666 /* Resources */,
			);
			buildRules = (
			);
			dependencies = (
			);
			name = AnalystWeek;
			productName = AnalystWeek;
			productReference = 3AD6447F1ADB5B0900591666 /* AnalystWeek.app */;
			productType = "com.apple.product-type.application";
		};
		3AD644971ADB5B0A00591666 /* AnalystWeekTests */ = {
			isa = PBXNativeTarget;
			buildConfigurationList = 3AD644A51ADB5B0A00591666 /* Build configuration list for PBXNativeTarget "AnalystWeekTests" */;
			buildPhases = (
				3AD644941ADB5B0A00591666 /* Sources */,
				3AD644951ADB5B0A00591666 /* Frameworks */,
				3AD644961ADB5B0A00591666 /* Resources */,
			);
			buildRules = (
			);
			dependencies = (
				3AD6449A1ADB5B0A00591666 /* PBXTargetDependency */,
			);
			name = AnalystWeekTests;
			productName = AnalystWeekTests;
			productReference = 3AD644981ADB5B0A00591666 /* AnalystWeekTests.xctest */;
			productType = "com.apple.product-type.bundle.unit-test";
		};
/* End PBXNativeTarget section */

/* Begin PBXProject section */
		3AD644771ADB5B0900591666 /* Project object */ = {
			isa = PBXProject;
			attributes = {
				LastUpgradeCheck = 0630;
				ORGANIZATIONNAME = "Santosh S";
				TargetAttributes = {
					3AD6447E1ADB5B0900591666 = {
						CreatedOnToolsVersion = 6.3;
						DevelopmentTeam = 9A3YH84565;
					};
					3AD644971ADB5B0A00591666 = {
						CreatedOnToolsVersion = 6.3;
						TestTargetID = 3AD6447E1ADB5B0900591666;
					};
				};
			};
			buildConfigurationList = 3AD6447A1ADB5B0900591666 /* Build configuration list for PBXProject "AnalystWeek" */;
			compatibilityVersion = "Xcode 3.2";
			developmentRegion = English;
			hasScannedForEncodings = 0;
			knownRegions = (
				en,
				Base,
			);
			mainGroup = 3AD644761ADB5B0900591666;
			productRefGroup = 3AD644801ADB5B0900591666 /* Products */;
			projectDirPath = "";
			projectRoot = "";
			targets = (
				3AD6447E1ADB5B0900591666 /* AnalystWeek */,
				3AD644971ADB5B0A00591666 /* AnalystWeekTests */,
			);
		};
/* End PBXProject section */

/* Begin PBXResourcesBuildPhase section */
		3AD6447D1ADB5B0900591666 /* Resources */ = {
			isa = PBXResourcesBuildPhase;
			buildActionMask = 2147483647;
			files = (
				3AD644B11ADB693D00591666 /* LHS_1_About The Event.png in Resources */,
				3AC5DB831ADE0743006DF05A /* contact_us_icon.png in Resources */,
				3AC5DB6F1ADD60FF006DF05A /* Agenda_Heading.png in Resources */,
				3AC5DB851ADE1648006DF05A /* chat_user_icon_1.png in Resources */,
				3AC5DB8C1ADE733E006DF05A /* parking_pass.png in Resources */,
				3AE0C5171ADC111A00E14FAD /* parking_pass.jpg in Resources */,
				3AC5DB631ADD4155006DF05A /* footer.png in Resources */,
				3AE0C51B1ADC21D500E14FAD /* back_button.png in Resources */,
				3AE0C5151ADC0E0C00E14FAD /* Welcome_note_Jpg.jpg in Resources */,
				3AE0C4FA1ADC00FE00E14FAD /* LHS_4.png in Resources */,
				3AE0C50E1ADC0B2600E14FAD /* Button_1.png in Resources */,
				3AE0C4F91ADC00FE00E14FAD /* LHS_3.png in Resources */,
				3AE0C4E91ADBB39700E14FAD /* request_icon.png in Resources */,
				3AD644A91ADB5B8F00591666 /* Images in Resources */,
				3AC5DB8A1ADE28CE006DF05A /* SendButton.png in Resources */,
				3AE0C5001ADC063800E14FAD /* feedback_icon.png in Resources */,
				3AC5DB701ADD60FF006DF05A /* Agenda_icon.png in Resources */,
				3AE0C4E71ADBA82E00E14FAD /* Heading.png in Resources */,
				3AC5DB821ADE0743006DF05A /* Contact_us_heading.png in Resources */,
				3AD644AB1ADB66E500591666 /* BG-01.png in Resources */,
				3AC5DB641ADD4155006DF05A /* main_pic.png in Resources */,
				3AE0C5121ADC0B2600E14FAD /* Button_5.png in Resources */,
				3AD644AD1ADB66EC00591666 /* image.png in Resources */,
				3AE0C4FC1ADC00FE00E14FAD /* RHS_2.png in Resources */,
				3AC5DB8E1ADE831F006DF05A /* speaker_heading.png in Resources */,
				3AD644AF1ADB68EF00591666 /* HeadingDesign.png in Resources */,
				3AE0C4FB1ADC00FE00E14FAD /* RHS_1.png in Resources */,
				3AE0C5131ADC0B2600E14FAD /* Button_6.png in Resources */,
				3AC5DB661ADD4155006DF05A /* threed_heading.png in Resources */,
				3AE0C4F71ADC00FE00E14FAD /* LHS_1.png in Resources */,
				3AE0C5111ADC0B2600E14FAD /* Button_4.png in Resources */,
				3AE0C50F1ADC0B2600E14FAD /* Button_2.png in Resources */,
				3AD6448E1ADB5B0A00591666 /* Main.storyboard in Resources */,
				3AE0C4FE1ADC00FE00E14FAD /* RHS_4.png in Resources */,
				3AC5DB5B1ADD1871006DF05A /* yourMeeting.png in Resources */,
				3AD644931ADB5B0A00591666 /* LaunchScreen.xib in Resources */,
				3AE0C5101ADC0B2600E14FAD /* Button_3.png in Resources */,
				3AD644901ADB5B0A00591666 /* Images.xcassets in Resources */,
				3AC5DB5D1ADD188F006DF05A /* your_meetings_icon.png in Resources */,
				3AE0C5191ADC127000E14FAD /* threed_selfie.jpg in Resources */,
				3AC5DB651ADD4155006DF05A /* text_bottom.png in Resources */,
				3AE0C4FD1ADC00FE00E14FAD /* RHS_3.png in Resources */,
				3AE0C4F81ADC00FE00E14FAD /* LHS_2.png in Resources */,
				3AE0C4EB1ADBBC1000E14FAD /* submitButton.png in Resources */,
			);
			runOnlyForDeploymentPostprocessing = 0;
		};
		3AD644961ADB5B0A00591666 /* Resources */ = {
			isa = PBXResourcesBuildPhase;
			buildActionMask = 2147483647;
			files = (
			);
			runOnlyForDeploymentPostprocessing = 0;
		};
/* End PBXResourcesBuildPhase section */

/* Begin PBXSourcesBuildPhase section */
		3AD6447B1ADB5B0900591666 /* Sources */ = {
			isa = PBXSourcesBuildPhase;
			buildActionMask = 2147483647;
			files = (
				3AC5DB6C1ADD605D006DF05A /* AgendaViewController.m in Sources */,
				3AD6448B1ADB5B0A00591666 /* ViewController.m in Sources */,
				3AC5DB731ADD671D006DF05A /* HeadingTableViewCell.m in Sources */,
				3AC5DB521ADD08D7006DF05A /* MeetingRequestTableViewCell.m in Sources */,
				3AD644881ADB5B0A00591666 /* AppDelegate.m in Sources */,
				3AC5DB551ADD0A75006DF05A /* YourMeetingsViewController.m in Sources */,
				3AC5DB691ADD4F6D006DF05A /* LandscapeOnlyViewController.m in Sources */,
				3AC5DB7C1ADD7B6A006DF05A /* Agenda.m in Sources */,
				3AC5DB591ADD0D49006DF05A /* YourMeeting.m in Sources */,
				3AC5DB791ADD673A006DF05A /* SessionTableViewCell.m in Sources */,
				3AE0C4EE1ADBBE6700E14FAD /* RequestMeetingViewController.m in Sources */,
				3AD644851ADB5B0900591666 /* main.m in Sources */,
				3AC5DB911ADE8B9F006DF05A /* SpeakerProfileViewController.m in Sources */,
				3AC5DB7F1ADD8502006DF05A /* PaddedLabel.m in Sources */,
				3AE0C5061ADC089500E14FAD /* LoginViewController.m in Sources */,
				3AC5DB881ADE18AA006DF05A /* ContactUsViewController.m in Sources */,
				3AE0C51E1ADC22A800E14FAD /* WelcomeViewController.m in Sources */,
				3AD644B71ADB6F1600591666 /* HomeViewController.m in Sources */,
				3AE0C5031ADC086300E14FAD /* FeedbackViewController.m in Sources */,
				3AC5DB761ADD672D006DF05A /* BreakViewTableViewCell.m in Sources */,
			);
			runOnlyForDeploymentPostprocessing = 0;
		};
		3AD644941ADB5B0A00591666 /* Sources */ = {
			isa = PBXSourcesBuildPhase;
			buildActionMask = 2147483647;
			files = (
				3AD6449F1ADB5B0A00591666 /* AnalystWeekTests.m in Sources */,
			);
			runOnlyForDeploymentPostprocessing = 0;
		};
/* End PBXSourcesBuildPhase section */

/* Begin PBXTargetDependency section */
		3AD6449A1ADB5B0A00591666 /* PBXTargetDependency */ = {
			isa = PBXTargetDependency;
			target = 3AD6447E1ADB5B0900591666 /* AnalystWeek */;
			targetProxy = 3AD644991ADB5B0A00591666 /* PBXContainerItemProxy */;
		};
/* End PBXTargetDependency section */

/* Begin PBXVariantGroup section */
		3AD6448C1ADB5B0A00591666 /* Main.storyboard */ = {
			isa = PBXVariantGroup;
			children = (
				3AD6448D1ADB5B0A00591666 /* Base */,
			);
			name = Main.storyboard;
			sourceTree = "<group>";
		};
		3AD644911ADB5B0A00591666 /* LaunchScreen.xib */ = {
			isa = PBXVariantGroup;
			children = (
				3AD644921ADB5B0A00591666 /* Base */,
			);
			name = LaunchScreen.xib;
			sourceTree = "<group>";
		};
/* End PBXVariantGroup section */

/* Begin XCBuildConfiguration section */
		3AD644A01ADB5B0A00591666 /* Debug */ = {
			isa = XCBuildConfiguration;
			buildSettings = {
				ALWAYS_SEARCH_USER_PATHS = NO;
				CLANG_CXX_LANGUAGE_STANDARD = "gnu++0x";
				CLANG_CXX_LIBRARY = "libc++";
				CLANG_ENABLE_MODULES = YES;
				CLANG_ENABLE_OBJC_ARC = YES;
				CLANG_WARN_BOOL_CONVERSION = YES;
				CLANG_WARN_CONSTANT_CONVERSION = YES;
				CLANG_WARN_DIRECT_OBJC_ISA_USAGE = YES_ERROR;
				CLANG_WARN_EMPTY_BODY = YES;
				CLANG_WARN_ENUM_CONVERSION = YES;
				CLANG_WARN_INT_CONVERSION = YES;
				CLANG_WARN_OBJC_ROOT_CLASS = YES_ERROR;
				CLANG_WARN_UNREACHABLE_CODE = YES;
				CLANG_WARN__DUPLICATE_METHOD_MATCH = YES;
				"CODE_SIGN_IDENTITY[sdk=iphoneos*]" = "iPhone Developer";
				COPY_PHASE_STRIP = NO;
				DEBUG_INFORMATION_FORMAT = "dwarf-with-dsym";
				ENABLE_STRICT_OBJC_MSGSEND = YES;
				GCC_C_LANGUAGE_STANDARD = gnu99;
				GCC_DYNAMIC_NO_PIC = NO;
				GCC_NO_COMMON_BLOCKS = YES;
				GCC_OPTIMIZATION_LEVEL = 0;
				GCC_PREPROCESSOR_DEFINITIONS = (
					"DEBUG=1",
					"$(inherited)",
				);
				GCC_SYMBOLS_PRIVATE_EXTERN = NO;
				GCC_WARN_64_TO_32_BIT_CONVERSION = YES;
				GCC_WARN_ABOUT_RETURN_TYPE = YES_ERROR;
				GCC_WARN_UNDECLARED_SELECTOR = YES;
				GCC_WARN_UNINITIALIZED_AUTOS = YES_AGGRESSIVE;
				GCC_WARN_UNUSED_FUNCTION = YES;
				GCC_WARN_UNUSED_VARIABLE = YES;
				IPHONEOS_DEPLOYMENT_TARGET = 8.3;
				MTL_ENABLE_DEBUG_INFO = YES;
				ONLY_ACTIVE_ARCH = YES;
				SDKROOT = iphoneos;
				TARGETED_DEVICE_FAMILY = 2;
			};
			name = Debug;
		};
		3AD644A11ADB5B0A00591666 /* Release */ = {
			isa = XCBuildConfiguration;
			buildSettings = {
				ALWAYS_SEARCH_USER_PATHS = NO;
				CLANG_CXX_LANGUAGE_STANDARD = "gnu++0x";
				CLANG_CXX_LIBRARY = "libc++";
				CLANG_ENABLE_MODULES = YES;
				CLANG_ENABLE_OBJC_ARC = YES;
				CLANG_WARN_BOOL_CONVERSION = YES;
				CLANG_WARN_CONSTANT_CONVERSION = YES;
				CLANG_WARN_DIRECT_OBJC_ISA_USAGE = YES_ERROR;
				CLANG_WARN_EMPTY_BODY = YES;
				CLANG_WARN_ENUM_CONVERSION = YES;
				CLANG_WARN_INT_CONVERSION = YES;
				CLANG_WARN_OBJC_ROOT_CLASS = YES_ERROR;
				CLANG_WARN_UNREACHABLE_CODE = YES;
				CLANG_WARN__DUPLICATE_METHOD_MATCH = YES;
				"CODE_SIGN_IDENTITY[sdk=iphoneos*]" = "iPhone Developer";
				COPY_PHASE_STRIP = NO;
				DEBUG_INFORMATION_FORMAT = "dwarf-with-dsym";
				ENABLE_NS_ASSERTIONS = NO;
				ENABLE_STRICT_OBJC_MSGSEND = YES;
				GCC_C_LANGUAGE_STANDARD = gnu99;
				GCC_NO_COMMON_BLOCKS = YES;
				GCC_WARN_64_TO_32_BIT_CONVERSION = YES;
				GCC_WARN_ABOUT_RETURN_TYPE = YES_ERROR;
				GCC_WARN_UNDECLARED_SELECTOR = YES;
				GCC_WARN_UNINITIALIZED_AUTOS = YES_AGGRESSIVE;
				GCC_WARN_UNUSED_FUNCTION = YES;
				GCC_WARN_UNUSED_VARIABLE = YES;
				IPHONEOS_DEPLOYMENT_TARGET = 8.3;
				MTL_ENABLE_DEBUG_INFO = NO;
				SDKROOT = iphoneos;
				TARGETED_DEVICE_FAMILY = 2;
				VALIDATE_PRODUCT = YES;
			};
			name = Release;
		};
		3AD644A31ADB5B0A00591666 /* Debug */ = {
			isa = XCBuildConfiguration;
			buildSettings = {
				ASSETCATALOG_COMPILER_APPICON_NAME = AppIcon;
				CODE_SIGN_IDENTITY = "iPhone Developer";
				"CODE_SIGN_IDENTITY[sdk=iphoneos*]" = "iPhone Developer";
				INFOPLIST_FILE = AnalystWeek/Info.plist;
				LD_RUNPATH_SEARCH_PATHS = "$(inherited) @executable_path/Frameworks";
				PRODUCT_NAME = "$(TARGET_NAME)";
				PROVISIONING_PROFILE = "";
			};
			name = Debug;
		};
		3AD644A41ADB5B0A00591666 /* Release */ = {
			isa = XCBuildConfiguration;
			buildSettings = {
				ASSETCATALOG_COMPILER_APPICON_NAME = AppIcon;
				CODE_SIGN_IDENTITY = "iPhone Developer";
				"CODE_SIGN_IDENTITY[sdk=iphoneos*]" = "iPhone Developer";
				INFOPLIST_FILE = AnalystWeek/Info.plist;
				LD_RUNPATH_SEARCH_PATHS = "$(inherited) @executable_path/Frameworks";
				PRODUCT_NAME = "$(TARGET_NAME)";
				PROVISIONING_PROFILE = "";
			};
			name = Release;
		};
		3AD644A61ADB5B0A00591666 /* Debug */ = {
			isa = XCBuildConfiguration;
			buildSettings = {
				BUNDLE_LOADER = "$(TEST_HOST)";
				FRAMEWORK_SEARCH_PATHS = (
					"$(SDKROOT)/Developer/Library/Frameworks",
					"$(inherited)",
				);
				GCC_PREPROCESSOR_DEFINITIONS = (
					"DEBUG=1",
					"$(inherited)",
				);
				INFOPLIST_FILE = AnalystWeekTests/Info.plist;
				LD_RUNPATH_SEARCH_PATHS = "$(inherited) @executable_path/Frameworks @loader_path/Frameworks";
				PRODUCT_NAME = "$(TARGET_NAME)";
				TEST_HOST = "$(BUILT_PRODUCTS_DIR)/AnalystWeek.app/AnalystWeek";
			};
			name = Debug;
		};
		3AD644A71ADB5B0A00591666 /* Release */ = {
			isa = XCBuildConfiguration;
			buildSettings = {
				BUNDLE_LOADER = "$(TEST_HOST)";
				FRAMEWORK_SEARCH_PATHS = (
					"$(SDKROOT)/Developer/Library/Frameworks",
					"$(inherited)",
				);
				INFOPLIST_FILE = AnalystWeekTests/Info.plist;
				LD_RUNPATH_SEARCH_PATHS = "$(inherited) @executable_path/Frameworks @loader_path/Frameworks";
				PRODUCT_NAME = "$(TARGET_NAME)";
				TEST_HOST = "$(BUILT_PRODUCTS_DIR)/AnalystWeek.app/AnalystWeek";
			};
			name = Release;
		};
/* End XCBuildConfiguration section */

/* Begin XCConfigurationList section */
		3AD6447A1ADB5B0900591666 /* Build configuration list for PBXProject "AnalystWeek" */ = {
			isa = XCConfigurationList;
			buildConfigurations = (
				3AD644A01ADB5B0A00591666 /* Debug */,
				3AD644A11ADB5B0A00591666 /* Release */,
			);
			defaultConfigurationIsVisible = 0;
			defaultConfigurationName = Release;
		};
		3AD644A21ADB5B0A00591666 /* Build configuration list for PBXNativeTarget "AnalystWeek" */ = {
			isa = XCConfigurationList;
			buildConfigurations = (
				3AD644A31ADB5B0A00591666 /* Debug */,
				3AD644A41ADB5B0A00591666 /* Release */,
			);
			defaultConfigurationIsVisible = 0;
			defaultConfigurationName = Release;
		};
		3AD644A51ADB5B0A00591666 /* Build configuration list for PBXNativeTarget "AnalystWeekTests" */ = {
			isa = XCConfigurationList;
			buildConfigurations = (
				3AD644A61ADB5B0A00591666 /* Debug */,
				3AD644A71ADB5B0A00591666 /* Release */,
			);
			defaultConfigurationIsVisible = 0;
			defaultConfigurationName = Release;
		};
/* End XCConfigurationList section */
	};
	rootObject = 3AD644771ADB5B0900591666 /* Project object */;
}
