// !$*UTF8*$!
{
	archiveVersion = 1;
	classes = {
	};
	objectVersion = 46;
	objects = {

/* Begin PBXBuildFile section */
		3AD644851ADB5B0900591666 /* main.m in Sources */ = {isa = PBXBuildFile; fileRef = 3AD644841ADB5B0900591666 /* main.m */; };
		3AD644881ADB5B0A00591666 /* AppDelegate.m in Sources */ = {isa = PBXBuildFile; fileRef = 3AD644871ADB5B0A00591666 /* AppDelegate.m */; };
		3AD6448B1ADB5B0A00591666 /* ViewController.m in Sources */ = {isa = PBXBuildFile; fileRef = 3AD6448A1ADB5B0A00591666 /* ViewController.m */; };
		3AD6448E1ADB5B0A00591666 /* Main.storyboard in Resources */ = {isa = PBXBuildFile; fileRef = 3AD6448C1ADB5B0A00591666 /* Main.storyboard */; };
		3AD644901ADB5B0A00591666 /* Images.xcassets in Resources */ = {isa = PBXBuildFile; fileRef = 3AD6448F1ADB5B0A00591666 /* Images.xcassets */; };
		3AD644931ADB5B0A00591666 /* LaunchScreen.xib in Resources */ = {isa = PBXBuildFile; fileRef = 3AD644911ADB5B0A00591666 /* LaunchScreen.xib */; };
		3AD6449F1ADB5B0A00591666 /* AnalystWeekTests.m in Sources */ = {isa = PBXBuildFile; fileRef = 3AD6449E1ADB5B0A00591666 /* AnalystWeekTests.m */; };
		3AD644A91ADB5B8F00591666 /* Images in Resources */ = {isa = PBXBuildFile; fileRef = 3AD644A81ADB5B8F00591666 /* Images */; };
		3AD644AB1ADB66E500591666 /* BG-01.png in Resources */ = {isa = PBXBuildFile; fileRef = 3AD644AA1ADB66E500591666 /* BG-01.png */; };
		3AD644AD1ADB66EC00591666 /* image.png in Resources */ = {isa = PBXBuildFile; fileRef = 3AD644AC1ADB66EC00591666 /* image.png */; };
		3AD644AF1ADB68EF00591666 /* HeadingDesign.png in Resources */ = {isa = PBXBuildFile; fileRef = 3AD644AE1ADB68EF00591666 /* HeadingDesign.png */; };
		3AD644B11ADB693D00591666 /* LHS_1_About The Event.png in Resources */ = {isa = PBXBuildFile; fileRef = 3AD644B01ADB693D00591666 /* LHS_1_About The Event.png */; };
		3AD644B31ADB6AB000591666 /* RHS_1.png in Resources */ = {isa = PBXBuildFile; fileRef = 3AD644B21ADB6AB000591666 /* RHS_1.png */; };
		3AD644B71ADB6F1600591666 /* HomeViewController.m in Sources */ = {isa = PBXBuildFile; fileRef = 3AD644B61ADB6F1600591666 /* HomeViewController.m */; };
/* End PBXBuildFile section */

/* Begin PBXContainerItemProxy section */
		3AD644991ADB5B0A00591666 /* PBXContainerItemProxy */ = {
			isa = PBXContainerItemProxy;
			containerPortal = 3AD644771ADB5B0900591666 /* Project object */;
			proxyType = 1;
			remoteGlobalIDString = 3AD6447E1ADB5B0900591666;
			remoteInfo = AnalystWeek;
		};
/* End PBXContainerItemProxy section */

/* Begin PBXFileReference section */
		3AD6447F1ADB5B0900591666 /* AnalystWeek.app */ = {isa = PBXFileReference; explicitFileType = wrapper.application; includeInIndex = 0; path = AnalystWeek.app; sourceTree = BUILT_PRODUCTS_DIR; };
		3AD644831ADB5B0900591666 /* Info.plist */ = {isa = PBXFileReference; lastKnownFileType = text.plist.xml; path = Info.plist; sourceTree = "<group>"; };
		3AD644841ADB5B0900591666 /* main.m */ = {isa = PBXFileReference; lastKnownFileType = sourcecode.c.objc; path = main.m; sourceTree = "<group>"; };
		3AD644861ADB5B0A00591666 /* AppDelegate.h */ = {isa = PBXFileReference; lastKnownFileType = sourcecode.c.h; path = AppDelegate.h; sourceTree = "<group>"; };
		3AD644871ADB5B0A00591666 /* AppDelegate.m */ = {isa = PBXFileReference; lastKnownFileType = sourcecode.c.objc; path = AppDelegate.m; sourceTree = "<group>"; };
		3AD644891ADB5B0A00591666 /* ViewController.h */ = {isa = PBXFileReference; lastKnownFileType = sourcecode.c.h; path = ViewController.h; sourceTree = "<group>"; };
		3AD6448A1ADB5B0A00591666 /* ViewController.m */ = {isa = PBXFileReference; lastKnownFileType = sourcecode.c.objc; path = ViewController.m; sourceTree = "<group>"; };
		3AD6448D1ADB5B0A00591666 /* Base */ = {isa = PBXFileReference; lastKnownFileType = file.storyboard; name = Base; path = Base.lproj/Main.storyboard; sourceTree = "<group>"; };
		3AD6448F1ADB5B0A00591666 /* Images.xcassets */ = {isa = PBXFileReference; lastKnownFileType = folder.assetcatalog; path = Images.xcassets; sourceTree = "<group>"; };
		3AD644921ADB5B0A00591666 /* Base */ = {isa = PBXFileReference; lastKnownFileType = file.xib; name = Base; path = Base.lproj/LaunchScreen.xib; sourceTree = "<group>"; };
		3AD644981ADB5B0A00591666 /* AnalystWeekTests.xctest */ = {isa = PBXFileReference; explicitFileType = wrapper.cfbundle; includeInIndex = 0; path = AnalystWeekTests.xctest; sourceTree = BUILT_PRODUCTS_DIR; };
		3AD6449D1ADB5B0A00591666 /* Info.plist */ = {isa = PBXFileReference; lastKnownFileType = text.plist.xml; path = Info.plist; sourceTree = "<group>"; };
		3AD6449E1ADB5B0A00591666 /* AnalystWeekTests.m */ = {isa = PBXFileReference; lastKnownFileType = sourcecode.c.objc; path = AnalystWeekTests.m; sourceTree = "<group>"; };
		3AD644A81ADB5B8F00591666 /* Images */ = {isa = PBXFileReference; lastKnownFileType = folder; path = Images; sourceTree = "<group>"; };
		3AD644AA1ADB66E500591666 /* BG-01.png */ = {isa = PBXFileReference; lastKnownFileType = image.png; name = "BG-01.png"; path = "AnalystWeek/Images/BG-01.png"; sourceTree = "<group>"; };
		3AD644AC1ADB66EC00591666 /* image.png */ = {isa = PBXFileReference; lastKnownFileType = image.png; name = image.png; path = AnalystWeek/Images/image.png; sourceTree = "<group>"; };
		3AD644AE1ADB68EF00591666 /* HeadingDesign.png */ = {isa = PBXFileReference; lastKnownFileType = image.png; name = HeadingDesign.png; path = AnalystWeek/Images/HeadingDesign.png; sourceTree = "<group>"; };
		3AD644B01ADB693D00591666 /* LHS_1_About The Event.png */ = {isa = PBXFileReference; lastKnownFileType = image.png; path = "LHS_1_About The Event.png"; sourceTree = "<group>"; };
		3AD644B21ADB6AB000591666 /* RHS_1.png */ = {isa = PBXFileReference; lastKnownFileType = image.png; path = RHS_1.png; sourceTree = "<group>"; };
		3AD644B51ADB6F1600591666 /* HomeViewController.h */ = {isa = PBXFileReference; fileEncoding = 4; lastKnownFileType = sourcecode.c.h; path = HomeViewController.h; sourceTree = "<group>"; };
		3AD644B61ADB6F1600591666 /* HomeViewController.m */ = {isa = PBXFileReference; fileEncoding = 4; lastKnownFileType = sourcecode.c.objc; path = HomeViewController.m; sourceTree = "<group>"; };
/* End PBXFileReference section */

/* Begin PBXFrameworksBuildPhase section */
		3AD6447C1ADB5B0900591666 /* Frameworks */ = {
			isa = PBXFrameworksBuildPhase;
			buildActionMask = 2147483647;
			files = (
			);
			runOnlyForDeploymentPostprocessing = 0;
		};
		3AD644951ADB5B0A00591666 /* Frameworks */ = {
			isa = PBXFrameworksBuildPhase;
			buildActionMask = 2147483647;
			files = (
			);
			runOnlyForDeploymentPostprocessing = 0;
		};
/* End PBXFrameworksBuildPhase section */

/* Begin PBXGroup section */
		3AD644761ADB5B0900591666 = {
			isa = PBXGroup;
			children = (
				3AD644AE1ADB68EF00591666 /* HeadingDesign.png */,
				3AD644AC1ADB66EC00591666 /* image.png */,
				3AD644AA1ADB66E500591666 /* BG-01.png */,
				3AD644811ADB5B0900591666 /* AnalystWeek */,
				3AD6449B1ADB5B0A00591666 /* AnalystWeekTests */,
				3AD644801ADB5B0900591666 /* Products */,
			);
			sourceTree = "<group>";
		};
		3AD644801ADB5B0900591666 /* Products */ = {
			isa = PBXGroup;
			children = (
				3AD6447F1ADB5B0900591666 /* AnalystWeek.app */,
				3AD644981ADB5B0A00591666 /* AnalystWeekTests.xctest */,
			);
			name = Products;
			sourceTree = "<group>";
		};
		3AD644811ADB5B0900591666 /* AnalystWeek */ = {
			isa = PBXGroup;
			children = (
				3AD644B41ADB6EF100591666 /* ViewControllers */,
				3AD644B01ADB693D00591666 /* LHS_1_About The Event.png */,
				3AD644B21ADB6AB000591666 /* RHS_1.png */,
				3AD644A81ADB5B8F00591666 /* Images */,
				3AD644861ADB5B0A00591666 /* AppDelegate.h */,
				3AD644871ADB5B0A00591666 /* AppDelegate.m */,
				3AD644891ADB5B0A00591666 /* ViewController.h */,
				3AD6448A1ADB5B0A00591666 /* ViewController.m */,
				3AD6448C1ADB5B0A00591666 /* Main.storyboard */,
				3AD6448F1ADB5B0A00591666 /* Images.xcassets */,
				3AD644911ADB5B0A00591666 /* LaunchScreen.xib */,
				3AD644821ADB5B0900591666 /* Supporting Files */,
			);
			path = AnalystWeek;
			sourceTree = "<group>";
		};
		3AD644821ADB5B0900591666 /* Supporting Files */ = {
			isa = PBXGroup;
			children = (
				3AD644831ADB5B0900591666 /* Info.plist */,
				3AD644841ADB5B0900591666 /* main.m */,
			);
			name = "Supporting Files";
			sourceTree = "<group>";
		};
		3AD6449B1ADB5B0A00591666 /* AnalystWeekTests */ = {
			isa = PBXGroup;
			children = (
				3AD6449E1ADB5B0A00591666 /* AnalystWeekTests.m */,
				3AD6449C1ADB5B0A00591666 /* Supporting Files */,
			);
			path = AnalystWeekTests;
			sourceTree = "<group>";
		};
		3AD6449C1ADB5B0A00591666 /* Supporting Files */ = {
			isa = PBXGroup;
			children = (
				3AD6449D1ADB5B0A00591666 /* Info.plist */,
			);
			name = "Supporting Files";
			sourceTree = "<group>";
		};
		3AD644B41ADB6EF100591666 /* ViewControllers */ = {
			isa = PBXGroup;
			children = (
				3AD644B51ADB6F1600591666 /* HomeViewController.h */,
				3AD644B61ADB6F1600591666 /* HomeViewController.m */,
			);
			name = ViewControllers;
			sourceTree = "<group>";
		};
/* End PBXGroup section */

/* Begin PBXNativeTarget section */
		3AD6447E1ADB5B0900591666 /* AnalystWeek */ = {
			isa = PBXNativeTarget;
			buildConfigurationList = 3AD644A21ADB5B0A00591666 /* Build configuration list for PBXNativeTarget "AnalystWeek" */;
			buildPhases = (
				3AD6447B1ADB5B0900591666 /* Sources */,
				3AD6447C1ADB5B0900591666 /* Frameworks */,
				3AD6447D1ADB5B0900591666 /* Resources */,
			);
			buildRules = (
			);
			dependencies = (
			);
			name = AnalystWeek;
			productName = AnalystWeek;
			productReference = 3AD6447F1ADB5B0900591666 /* AnalystWeek.app */;
			productType = "com.apple.product-type.application";
		};
		3AD644971ADB5B0A00591666 /* AnalystWeekTests */ = {
			isa = PBXNativeTarget;
			buildConfigurationList = 3AD644A51ADB5B0A00591666 /* Build configuration list for PBXNativeTarget "AnalystWeekTests" */;
			buildPhases = (
				3AD644941ADB5B0A00591666 /* Sources */,
				3AD644951ADB5B0A00591666 /* Frameworks */,
				3AD644961ADB5B0A00591666 /* Resources */,
			);
			buildRules = (
			);
			dependencies = (
				3AD6449A1ADB5B0A00591666 /* PBXTargetDependency */,
			);
			name = AnalystWeekTests;
			productName = AnalystWeekTests;
			productReference = 3AD644981ADB5B0A00591666 /* AnalystWeekTests.xctest */;
			productType = "com.apple.product-type.bundle.unit-test";
		};
/* End PBXNativeTarget section */

/* Begin PBXProject section */
		3AD644771ADB5B0900591666 /* Project object */ = {
			isa = PBXProject;
			attributes = {
				LastUpgradeCheck = 0630;
				ORGANIZATIONNAME = "Santosh S";
				TargetAttributes = {
					3AD6447E1ADB5B0900591666 = {
						CreatedOnToolsVersion = 6.3;
						DevelopmentTeam = 9A3YH84565;
					};
					3AD644971ADB5B0A00591666 = {
						CreatedOnToolsVersion = 6.3;
						TestTargetID = 3AD6447E1ADB5B0900591666;
					};
				};
			};
			buildConfigurationList = 3AD6447A1ADB5B0900591666 /* Build configuration list for PBXProject "AnalystWeek" */;
			compatibilityVersion = "Xcode 3.2";
			developmentRegion = English;
			hasScannedForEncodings = 0;
			knownRegions = (
				en,
				Base,
			);
			mainGroup = 3AD644761ADB5B0900591666;
			productRefGroup = 3AD644801ADB5B0900591666 /* Products */;
			projectDirPath = "";
			projectRoot = "";
			targets = (
				3AD6447E1ADB5B0900591666 /* AnalystWeek */,
				3AD644971ADB5B0A00591666 /* AnalystWeekTests */,
			);
		};
/* End PBXProject section */

/* Begin PBXResourcesBuildPhase section */
		3AD6447D1ADB5B0900591666 /* Resources */ = {
			isa = PBXResourcesBuildPhase;
			buildActionMask = 2147483647;
			files = (
				3AD644B11ADB693D00591666 /* LHS_1_About The Event.png in Resources */,
				3AD644A91ADB5B8F00591666 /* Images in Resources */,
				3AD644AB1ADB66E500591666 /* BG-01.png in Resources */,
				3AD644AD1ADB66EC00591666 /* image.png in Resources */,
				3AD644AF1ADB68EF00591666 /* HeadingDesign.png in Resources */,
				3AD6448E1ADB5B0A00591666 /* Main.storyboard in Resources */,
				3AD644B31ADB6AB000591666 /* RHS_1.png in Resources */,
				3AD644931ADB5B0A00591666 /* LaunchScreen.xib in Resources */,
				3AD644901ADB5B0A00591666 /* Images.xcassets in Resources */,
			);
			runOnlyForDeploymentPostprocessing = 0;
		};
		3AD644961ADB5B0A00591666 /* Resources */ = {
			isa = PBXResourcesBuildPhase;
			buildActionMask = 2147483647;
			files = (
			);
			runOnlyForDeploymentPostprocessing = 0;
		};
/* End PBXResourcesBuildPhase section */

/* Begin PBXSourcesBuildPhase section */
		3AD6447B1ADB5B0900591666 /* Sources */ = {
			isa = PBXSourcesBuildPhase;
			buildActionMask = 2147483647;
			files = (
				3AD6448B1ADB5B0A00591666 /* ViewController.m in Sources */,
				3AD644881ADB5B0A00591666 /* AppDelegate.m in Sources */,
				3AD644851ADB5B0900591666 /* main.m in Sources */,
				3AD644B71ADB6F1600591666 /* HomeViewController.m in Sources */,
			);
			runOnlyForDeploymentPostprocessing = 0;
		};
		3AD644941ADB5B0A00591666 /* Sources */ = {
			isa = PBXSourcesBuildPhase;
			buildActionMask = 2147483647;
			files = (
				3AD6449F1ADB5B0A00591666 /* AnalystWeekTests.m in Sources */,
			);
			runOnlyForDeploymentPostprocessing = 0;
		};
/* End PBXSourcesBuildPhase section */

/* Begin PBXTargetDependency section */
		3AD6449A1ADB5B0A00591666 /* PBXTargetDependency */ = {
			isa = PBXTargetDependency;
			target = 3AD6447E1ADB5B0900591666 /* AnalystWeek */;
			targetProxy = 3AD644991ADB5B0A00591666 /* PBXContainerItemProxy */;
		};
/* End PBXTargetDependency section */

/* Begin PBXVariantGroup section */
		3AD6448C1ADB5B0A00591666 /* Main.storyboard */ = {
			isa = PBXVariantGroup;
			children = (
				3AD6448D1ADB5B0A00591666 /* Base */,
			);
			name = Main.storyboard;
			sourceTree = "<group>";
		};
		3AD644911ADB5B0A00591666 /* LaunchScreen.xib */ = {
			isa = PBXVariantGroup;
			children = (
				3AD644921ADB5B0A00591666 /* Base */,
			);
			name = LaunchScreen.xib;
			sourceTree = "<group>";
		};
/* End PBXVariantGroup section */

/* Begin XCBuildConfiguration section */
		3AD644A01ADB5B0A00591666 /* Debug */ = {
			isa = XCBuildConfiguration;
			buildSettings = {
				ALWAYS_SEARCH_USER_PATHS = NO;
				CLANG_CXX_LANGUAGE_STANDARD = "gnu++0x";
				CLANG_CXX_LIBRARY = "libc++";
				CLANG_ENABLE_MODULES = YES;
				CLANG_ENABLE_OBJC_ARC = YES;
				CLANG_WARN_BOOL_CONVERSION = YES;
				CLANG_WARN_CONSTANT_CONVERSION = YES;
				CLANG_WARN_DIRECT_OBJC_ISA_USAGE = YES_ERROR;
				CLANG_WARN_EMPTY_BODY = YES;
				CLANG_WARN_ENUM_CONVERSION = YES;
				CLANG_WARN_INT_CONVERSION = YES;
				CLANG_WARN_OBJC_ROOT_CLASS = YES_ERROR;
				CLANG_WARN_UNREACHABLE_CODE = YES;
				CLANG_WARN__DUPLICATE_METHOD_MATCH = YES;
				"CODE_SIGN_IDENTITY[sdk=iphoneos*]" = "iPhone Developer";
				COPY_PHASE_STRIP = NO;
				DEBUG_INFORMATION_FORMAT = "dwarf-with-dsym";
				ENABLE_STRICT_OBJC_MSGSEND = YES;
				GCC_C_LANGUAGE_STANDARD = gnu99;
				GCC_DYNAMIC_NO_PIC = NO;
				GCC_NO_COMMON_BLOCKS = YES;
				GCC_OPTIMIZATION_LEVEL = 0;
				GCC_PREPROCESSOR_DEFINITIONS = (
					"DEBUG=1",
					"$(inherited)",
				);
				GCC_SYMBOLS_PRIVATE_EXTERN = NO;
				GCC_WARN_64_TO_32_BIT_CONVERSION = YES;
				GCC_WARN_ABOUT_RETURN_TYPE = YES_ERROR;
				GCC_WARN_UNDECLARED_SELECTOR = YES;
				GCC_WARN_UNINITIALIZED_AUTOS = YES_AGGRESSIVE;
				GCC_WARN_UNUSED_FUNCTION = YES;
				GCC_WARN_UNUSED_VARIABLE = YES;
				IPHONEOS_DEPLOYMENT_TARGET = 8.3;
				MTL_ENABLE_DEBUG_INFO = YES;
				ONLY_ACTIVE_ARCH = YES;
				SDKROOT = iphoneos;
				TARGETED_DEVICE_FAMILY = 2;
			};
			name = Debug;
		};
		3AD644A11ADB5B0A00591666 /* Release */ = {
			isa = XCBuildConfiguration;
			buildSettings = {
				ALWAYS_SEARCH_USER_PATHS = NO;
				CLANG_CXX_LANGUAGE_STANDARD = "gnu++0x";
				CLANG_CXX_LIBRARY = "libc++";
				CLANG_ENABLE_MODULES = YES;
				CLANG_ENABLE_OBJC_ARC = YES;
				CLANG_WARN_BOOL_CONVERSION = YES;
				CLANG_WARN_CONSTANT_CONVERSION = YES;
				CLANG_WARN_DIRECT_OBJC_ISA_USAGE = YES_ERROR;
				CLANG_WARN_EMPTY_BODY = YES;
				CLANG_WARN_ENUM_CONVERSION = YES;
				CLANG_WARN_INT_CONVERSION = YES;
				CLANG_WARN_OBJC_ROOT_CLASS = YES_ERROR;
				CLANG_WARN_UNREACHABLE_CODE = YES;
				CLANG_WARN__DUPLICATE_METHOD_MATCH = YES;
				"CODE_SIGN_IDENTITY[sdk=iphoneos*]" = "iPhone Developer";
				COPY_PHASE_STRIP = NO;
				DEBUG_INFORMATION_FORMAT = "dwarf-with-dsym";
				ENABLE_NS_ASSERTIONS = NO;
				ENABLE_STRICT_OBJC_MSGSEND = YES;
				GCC_C_LANGUAGE_STANDARD = gnu99;
				GCC_NO_COMMON_BLOCKS = YES;
				GCC_WARN_64_TO_32_BIT_CONVERSION = YES;
				GCC_WARN_ABOUT_RETURN_TYPE = YES_ERROR;
				GCC_WARN_UNDECLARED_SELECTOR = YES;
				GCC_WARN_UNINITIALIZED_AUTOS = YES_AGGRESSIVE;
				GCC_WARN_UNUSED_FUNCTION = YES;
				GCC_WARN_UNUSED_VARIABLE = YES;
				IPHONEOS_DEPLOYMENT_TARGET = 8.3;
				MTL_ENABLE_DEBUG_INFO = NO;
				SDKROOT = iphoneos;
				TARGETED_DEVICE_FAMILY = 2;
				VALIDATE_PRODUCT = YES;
			};
			name = Release;
		};
		3AD644A31ADB5B0A00591666 /* Debug */ = {
			isa = XCBuildConfiguration;
			buildSettings = {
				ASSETCATALOG_COMPILER_APPICON_NAME = AppIcon;
				CODE_SIGN_IDENTITY = "iPhone Developer";
				"CODE_SIGN_IDENTITY[sdk=iphoneos*]" = "iPhone Developer";
				INFOPLIST_FILE = AnalystWeek/Info.plist;
				LD_RUNPATH_SEARCH_PATHS = "$(inherited) @executable_path/Frameworks";
				PRODUCT_NAME = "$(TARGET_NAME)";
				PROVISIONING_PROFILE = "";
			};
			name = Debug;
		};
		3AD644A41ADB5B0A00591666 /* Release */ = {
			isa = XCBuildConfiguration;
			buildSettings = {
				ASSETCATALOG_COMPILER_APPICON_NAME = AppIcon;
				CODE_SIGN_IDENTITY = "iPhone Developer";
				"CODE_SIGN_IDENTITY[sdk=iphoneos*]" = "iPhone Developer";
				INFOPLIST_FILE = AnalystWeek/Info.plist;
				LD_RUNPATH_SEARCH_PATHS = "$(inherited) @executable_path/Frameworks";
				PRODUCT_NAME = "$(TARGET_NAME)";
				PROVISIONING_PROFILE = "";
			};
			name = Release;
		};
		3AD644A61ADB5B0A00591666 /* Debug */ = {
			isa = XCBuildConfiguration;
			buildSettings = {
				BUNDLE_LOADER = "$(TEST_HOST)";
				FRAMEWORK_SEARCH_PATHS = (
					"$(SDKROOT)/Developer/Library/Frameworks",
					"$(inherited)",
				);
				GCC_PREPROCESSOR_DEFINITIONS = (
					"DEBUG=1",
					"$(inherited)",
				);
				INFOPLIST_FILE = AnalystWeekTests/Info.plist;
				LD_RUNPATH_SEARCH_PATHS = "$(inherited) @executable_path/Frameworks @loader_path/Frameworks";
				PRODUCT_NAME = "$(TARGET_NAME)";
				TEST_HOST = "$(BUILT_PRODUCTS_DIR)/AnalystWeek.app/AnalystWeek";
			};
			name = Debug;
		};
		3AD644A71ADB5B0A00591666 /* Release */ = {
			isa = XCBuildConfiguration;
			buildSettings = {
				BUNDLE_LOADER = "$(TEST_HOST)";
				FRAMEWORK_SEARCH_PATHS = (
					"$(SDKROOT)/Developer/Library/Frameworks",
					"$(inherited)",
				);
				INFOPLIST_FILE = AnalystWeekTests/Info.plist;
				LD_RUNPATH_SEARCH_PATHS = "$(inherited) @executable_path/Frameworks @loader_path/Frameworks";
				PRODUCT_NAME = "$(TARGET_NAME)";
				TEST_HOST = "$(BUILT_PRODUCTS_DIR)/AnalystWeek.app/AnalystWeek";
			};
			name = Release;
		};
/* End XCBuildConfiguration section */

/* Begin XCConfigurationList section */
		3AD6447A1ADB5B0900591666 /* Build configuration list for PBXProject "AnalystWeek" */ = {
			isa = XCConfigurationList;
			buildConfigurations = (
				3AD644A01ADB5B0A00591666 /* Debug */,
				3AD644A11ADB5B0A00591666 /* Release */,
			);
			defaultConfigurationIsVisible = 0;
			defaultConfigurationName = Release;
		};
		3AD644A21ADB5B0A00591666 /* Build configuration list for PBXNativeTarget "AnalystWeek" */ = {
			isa = XCConfigurationList;
			buildConfigurations = (
				3AD644A31ADB5B0A00591666 /* Debug */,
				3AD644A41ADB5B0A00591666 /* Release */,
			);
			defaultConfigurationIsVisible = 0;
		};
		3AD644A51ADB5B0A00591666 /* Build configuration list for PBXNativeTarget "AnalystWeekTests" */ = {
			isa = XCConfigurationList;
			buildConfigurations = (
				3AD644A61ADB5B0A00591666 /* Debug */,
				3AD644A71ADB5B0A00591666 /* Release */,
			);
			defaultConfigurationIsVisible = 0;
		};
/* End XCConfigurationList section */
	};
	rootObject = 3AD644771ADB5B0900591666 /* Project object */;
}
